
Microsoft Visual Studio Solution File, Format Version 11.00
# Visual Studio 2010
Project("{FAE04EC0-301F-11D3-BF4B-00C04F79EFBC}") = "ArcGISWinForm", "ArcGISWinForm\ArcGISWinForm.csproj", "{D393946A-473A-427F-88C0-1D086C2A4446}"
EndProject
Project("{2150E333-8FDC-42A3-9474-1A3956D46DE8}") = "Helper", "Helper", "{04FE2157-385E-4326-B2A1-80FCD256C943}"
EndProject
Project("{FAE04EC0-301F-11D3-BF4B-00C04F79EFBC}") = "AEUtilities", "AEUtilities\AEUtilities.csproj", "{91D957AB-2128-4618-907F-78661244C507}"
EndProject
Project("{FAE04EC0-301F-11D3-BF4B-00C04F79EFBC}") = "DotNetUtilities", "DotNetUtilities\DotNetUtilities.csproj", "{88191AA4-E33E-4505-A6E2-CC470B6D8CD2}"
EndProject
Project("{2150E333-8FDC-42A3-9474-1A3956D46DE8}") = "PlugIn_Controls", "PlugIn_Controls", "{04499922-5317-4D5B-997C-1CF41FB6C14D}"
EndProject
Project("{FAE04EC0-301F-11D3-BF4B-00C04F79EFBC}") = "WinformCustomControls", "WinformCustomControls\WinformCustomControls.csproj", "{CF4F4A0D-61B4-421D-9E80-18B9BF7BAF91}"
EndProject
Project("{2150E333-8FDC-42A3-9474-1A3956D46DE8}") = "Core", "Core", "{0C43E63B-CF98-468D-8533-84C89B42D3A9}"
EndProject
Project("{FAE04EC0-301F-11D3-BF4B-00C04F79EFBC}") = "Framework", "Framework\Framework.csproj", "{D4C6E4FE-EED6-4AFD-9889-056A5AF676ED}"
EndProject
Project("{FAE04EC0-301F-11D3-BF4B-00C04F79EFBC}") = "AOCustomControls", "AOCustomControls\AOCustomControls.csproj", "{1E74FF3A-8A06-431B-9509-6D80AED27E3D}"
EndProject
Project("{2150E333-8FDC-42A3-9474-1A3956D46DE8}") = "PlugIn_Command", "PlugIn_Command", "{5E5BE580-498C-46EC-AAB4-DA4869EA4389}"
EndProject
Project("{FAE04EC0-301F-11D3-BF4B-00C04F79EFBC}") = "MapViewCommand", "MapViewCommand\MapViewCommand.csproj", "{6B98EB10-5815-45BD-A5A1-9723E2D92998}"
EndProject
Project("{FAE04EC0-301F-11D3-BF4B-00C04F79EFBC}") = "PagelayoutViewCommand", "PagelayoutViewCommand\PagelayoutViewCommand.csproj", "{7BAED109-B0CB-4069-8EE9-AA592613BC59}"
EndProject
Project("{FAE04EC0-301F-11D3-BF4B-00C04F79EFBC}") = "AOFileManageCommand", "AOFileManageCommand\AOFileManageCommand.csproj", "{105AAD61-96FE-4973-A03D-1E850CD9B387}"
EndProject
Project("{FAE04EC0-301F-11D3-BF4B-00C04F79EFBC}") = "MapEditCommand", "MapEditCommand\MapEditCommand.csproj", "{834DD1E6-5A79-4A81-A79E-CD8ED249974F}"
EndProject
Project("{FAE04EC0-301F-11D3-BF4B-00C04F79EFBC}") = "PagelayoutEditCommand", "PagelayoutEditCommand\PagelayoutEditCommand.csproj", "{DD368096-53ED-4D78-9F49-A72C5834FB3C}"
EndProject
Project("{FAE04EC0-301F-11D3-BF4B-00C04F79EFBC}") = "UserSetting", "UserSetting\UserSetting.csproj", "{FDA2ADB5-0B71-4309-8289-EBA940FE1F9A}"
EndProject
Project("{FAE04EC0-301F-11D3-BF4B-00C04F79EFBC}") = "Share", "Share\Share.csproj", "{71289846-E425-4C5D-887A-E8C9CDB6F814}"
EndProject
Project("{FAE04EC0-301F-11D3-BF4B-00C04F79EFBC}") = "CommandEnginer", "CommandEnginer\CommandEnginer.csproj", "{254CA650-2EAB-45C2-84C0-5F9C3DF4BCC4}"
EndProject
Global
	GlobalSection(SolutionConfigurationPlatforms) = preSolution
		Debug|Any CPU = Debug|Any CPU
		Debug|Mixed Platforms = Debug|Mixed Platforms
		Debug|x86 = Debug|x86
		Release|Any CPU = Release|Any CPU
		Release|Mixed Platforms = Release|Mixed Platforms
		Release|x86 = Release|x86
	EndGlobalSection
	GlobalSection(ProjectConfigurationPlatforms) = postSolution
		{D393946A-473A-427F-88C0-1D086C2A4446}.Debug|Any CPU.ActiveCfg = Debug|x86
		{D393946A-473A-427F-88C0-1D086C2A4446}.Debug|Any CPU.Build.0 = Debug|x86
		{D393946A-473A-427F-88C0-1D086C2A4446}.Debug|Mixed Platforms.ActiveCfg = Debug|x86
		{D393946A-473A-427F-88C0-1D086C2A4446}.Debug|Mixed Platforms.Build.0 = Debug|x86
		{D393946A-473A-427F-88C0-1D086C2A4446}.Debug|x86.ActiveCfg = Debug|x86
		{D393946A-473A-427F-88C0-1D086C2A4446}.Debug|x86.Build.0 = Debug|x86
		{D393946A-473A-427F-88C0-1D086C2A4446}.Release|Any CPU.ActiveCfg = Release|x86
		{D393946A-473A-427F-88C0-1D086C2A4446}.Release|Mixed Platforms.ActiveCfg = Release|x86
		{D393946A-473A-427F-88C0-1D086C2A4446}.Release|Mixed Platforms.Build.0 = Release|x86
		{D393946A-473A-427F-88C0-1D086C2A4446}.Release|x86.ActiveCfg = Release|x86
		{D393946A-473A-427F-88C0-1D086C2A4446}.Release|x86.Build.0 = Release|x86
		{91D957AB-2128-4618-907F-78661244C507}.Debug|Any CPU.ActiveCfg = Debug|Any CPU
		{91D957AB-2128-4618-907F-78661244C507}.Debug|Any CPU.Build.0 = Debug|Any CPU
		{91D957AB-2128-4618-907F-78661244C507}.Debug|Mixed Platforms.ActiveCfg = Debug|Any CPU
		{91D957AB-2128-4618-907F-78661244C507}.Debug|Mixed Platforms.Build.0 = Debug|Any CPU
		{91D957AB-2128-4618-907F-78661244C507}.Debug|x86.ActiveCfg = Debug|Any CPU
		{91D957AB-2128-4618-907F-78661244C507}.Release|Any CPU.ActiveCfg = Release|Any CPU
		{91D957AB-2128-4618-907F-78661244C507}.Release|Any CPU.Build.0 = Release|Any CPU
		{91D957AB-2128-4618-907F-78661244C507}.Release|Mixed Platforms.ActiveCfg = Release|Any CPU
		{91D957AB-2128-4618-907F-78661244C507}.Release|Mixed Platforms.Build.0 = Release|Any CPU
		{91D957AB-2128-4618-907F-78661244C507}.Release|x86.ActiveCfg = Release|Any CPU
		{88191AA4-E33E-4505-A6E2-CC470B6D8CD2}.Debug|Any CPU.ActiveCfg = Debug|Any CPU
		{88191AA4-E33E-4505-A6E2-CC470B6D8CD2}.Debug|Any CPU.Build.0 = Debug|Any CPU
		{88191AA4-E33E-4505-A6E2-CC470B6D8CD2}.Debug|Mixed Platforms.ActiveCfg = Debug|Any CPU
		{88191AA4-E33E-4505-A6E2-CC470B6D8CD2}.Debug|Mixed Platforms.Build.0 = Debug|Any CPU
		{88191AA4-E33E-4505-A6E2-CC470B6D8CD2}.Debug|x86.ActiveCfg = Debug|Any CPU
		{88191AA4-E33E-4505-A6E2-CC470B6D8CD2}.Release|Any CPU.ActiveCfg = Release|Any CPU
		{88191AA4-E33E-4505-A6E2-CC470B6D8CD2}.Release|Any CPU.Build.0 = Release|Any CPU
		{88191AA4-E33E-4505-A6E2-CC470B6D8CD2}.Release|Mixed Platforms.ActiveCfg = Release|Any CPU
		{88191AA4-E33E-4505-A6E2-CC470B6D8CD2}.Release|Mixed Platforms.Build.0 = Release|Any CPU
		{88191AA4-E33E-4505-A6E2-CC470B6D8CD2}.Release|x86.ActiveCfg = Release|Any CPU
		{CF4F4A0D-61B4-421D-9E80-18B9BF7BAF91}.Debug|Any CPU.ActiveCfg = Debug|Any CPU
		{CF4F4A0D-61B4-421D-9E80-18B9BF7BAF91}.Debug|Any CPU.Build.0 = Debug|Any CPU
		{CF4F4A0D-61B4-421D-9E80-18B9BF7BAF91}.Debug|Mixed Platforms.ActiveCfg = Debug|Any CPU
		{CF4F4A0D-61B4-421D-9E80-18B9BF7BAF91}.Debug|Mixed Platforms.Build.0 = Debug|Any CPU
		{CF4F4A0D-61B4-421D-9E80-18B9BF7BAF91}.Debug|x86.ActiveCfg = Debug|Any CPU
		{CF4F4A0D-61B4-421D-9E80-18B9BF7BAF91}.Release|Any CPU.ActiveCfg = Release|Any CPU
		{CF4F4A0D-61B4-421D-9E80-18B9BF7BAF91}.Release|Any CPU.Build.0 = Release|Any CPU
		{CF4F4A0D-61B4-421D-9E80-18B9BF7BAF91}.Release|Mixed Platforms.ActiveCfg = Release|Any CPU
		{CF4F4A0D-61B4-421D-9E80-18B9BF7BAF91}.Release|Mixed Platforms.Build.0 = Release|Any CPU
		{CF4F4A0D-61B4-421D-9E80-18B9BF7BAF91}.Release|x86.ActiveCfg = Release|Any CPU
		{D4C6E4FE-EED6-4AFD-9889-056A5AF676ED}.Debug|Any CPU.ActiveCfg = Debug|Any CPU
		{D4C6E4FE-EED6-4AFD-9889-056A5AF676ED}.Debug|Any CPU.Build.0 = Debug|Any CPU
		{D4C6E4FE-EED6-4AFD-9889-056A5AF676ED}.Debug|Mixed Platforms.ActiveCfg = Debug|Any CPU
		{D4C6E4FE-EED6-4AFD-9889-056A5AF676ED}.Debug|Mixed Platforms.Build.0 = Debug|Any CPU
		{D4C6E4FE-EED6-4AFD-9889-056A5AF676ED}.Debug|x86.ActiveCfg = Debug|Any CPU
		{D4C6E4FE-EED6-4AFD-9889-056A5AF676ED}.Release|Any CPU.ActiveCfg = Release|Any CPU
		{D4C6E4FE-EED6-4AFD-9889-056A5AF676ED}.Release|Any CPU.Build.0 = Release|Any CPU
		{D4C6E4FE-EED6-4AFD-9889-056A5AF676ED}.Release|Mixed Platforms.ActiveCfg = Release|Any CPU
		{D4C6E4FE-EED6-4AFD-9889-056A5AF676ED}.Release|Mixed Platforms.Build.0 = Release|Any CPU
		{D4C6E4FE-EED6-4AFD-9889-056A5AF676ED}.Release|x86.ActiveCfg = Release|Any CPU
		{1E74FF3A-8A06-431B-9509-6D80AED27E3D}.Debug|Any CPU.ActiveCfg = Debug|Any CPU
		{1E74FF3A-8A06-431B-9509-6D80AED27E3D}.Debug|Any CPU.Build.0 = Debug|Any CPU
		{1E74FF3A-8A06-431B-9509-6D80AED27E3D}.Debug|Mixed Platforms.ActiveCfg = Debug|Any CPU
		{1E74FF3A-8A06-431B-9509-6D80AED27E3D}.Debug|Mixed Platforms.Build.0 = Debug|Any CPU
		{1E74FF3A-8A06-431B-9509-6D80AED27E3D}.Debug|x86.ActiveCfg = Debug|Any CPU
		{1E74FF3A-8A06-431B-9509-6D80AED27E3D}.Release|Any CPU.ActiveCfg = Release|Any CPU
		{1E74FF3A-8A06-431B-9509-6D80AED27E3D}.Release|Any CPU.Build.0 = Release|Any CPU
		{1E74FF3A-8A06-431B-9509-6D80AED27E3D}.Release|Mixed Platforms.ActiveCfg = Release|Any CPU
		{1E74FF3A-8A06-431B-9509-6D80AED27E3D}.Release|Mixed Platforms.Build.0 = Release|Any CPU
		{1E74FF3A-8A06-431B-9509-6D80AED27E3D}.Release|x86.ActiveCfg = Release|Any CPU
		{6B98EB10-5815-45BD-A5A1-9723E2D92998}.Debug|Any CPU.ActiveCfg = Debug|Any CPU
		{6B98EB10-5815-45BD-A5A1-9723E2D92998}.Debug|Any CPU.Build.0 = Debug|Any CPU
		{6B98EB10-5815-45BD-A5A1-9723E2D92998}.Debug|Mixed Platforms.ActiveCfg = Debug|Any CPU
		{6B98EB10-5815-45BD-A5A1-9723E2D92998}.Debug|Mixed Platforms.Build.0 = Debug|Any CPU
		{6B98EB10-5815-45BD-A5A1-9723E2D92998}.Debug|x86.ActiveCfg = Debug|Any CPU
		{6B98EB10-5815-45BD-A5A1-9723E2D92998}.Release|Any CPU.ActiveCfg = Release|Any CPU
		{6B98EB10-5815-45BD-A5A1-9723E2D92998}.Release|Any CPU.Build.0 = Release|Any CPU
		{6B98EB10-5815-45BD-A5A1-9723E2D92998}.Release|Mixed Platforms.ActiveCfg = Release|Any CPU
		{6B98EB10-5815-45BD-A5A1-9723E2D92998}.Release|Mixed Platforms.Build.0 = Release|Any CPU
		{6B98EB10-5815-45BD-A5A1-9723E2D92998}.Release|x86.ActiveCfg = Release|Any CPU
		{7BAED109-B0CB-4069-8EE9-AA592613BC59}.Debug|Any CPU.ActiveCfg = Debug|Any CPU
		{7BAED109-B0CB-4069-8EE9-AA592613BC59}.Debug|Any CPU.Build.0 = Debug|Any CPU
		{7BAED109-B0CB-4069-8EE9-AA592613BC59}.Debug|Mixed Platforms.ActiveCfg = Debug|Any CPU
		{7BAED109-B0CB-4069-8EE9-AA592613BC59}.Debug|Mixed Platforms.Build.0 = Debug|Any CPU
		{7BAED109-B0CB-4069-8EE9-AA592613BC59}.Debug|x86.ActiveCfg = Debug|Any CPU
		{7BAED109-B0CB-4069-8EE9-AA592613BC59}.Release|Any CPU.ActiveCfg = Release|Any CPU
		{7BAED109-B0CB-4069-8EE9-AA592613BC59}.Release|Any CPU.Build.0 = Release|Any CPU
		{7BAED109-B0CB-4069-8EE9-AA592613BC59}.Release|Mixed Platforms.ActiveCfg = Release|Any CPU
		{7BAED109-B0CB-4069-8EE9-AA592613BC59}.Release|Mixed Platforms.Build.0 = Release|Any CPU
		{7BAED109-B0CB-4069-8EE9-AA592613BC59}.Release|x86.ActiveCfg = Release|Any CPU
		{105AAD61-96FE-4973-A03D-1E850CD9B387}.Debug|Any CPU.ActiveCfg = Debug|Any CPU
		{105AAD61-96FE-4973-A03D-1E850CD9B387}.Debug|Any CPU.Build.0 = Debug|Any CPU
		{105AAD61-96FE-4973-A03D-1E850CD9B387}.Debug|Mixed Platforms.ActiveCfg = Debug|Any CPU
		{105AAD61-96FE-4973-A03D-1E850CD9B387}.Debug|Mixed Platforms.Build.0 = Debug|Any CPU
		{105AAD61-96FE-4973-A03D-1E850CD9B387}.Debug|x86.ActiveCfg = Debug|Any CPU
		{105AAD61-96FE-4973-A03D-1E850CD9B387}.Release|Any CPU.ActiveCfg = Release|Any CPU
		{105AAD61-96FE-4973-A03D-1E850CD9B387}.Release|Any CPU.Build.0 = Release|Any CPU
		{105AAD61-96FE-4973-A03D-1E850CD9B387}.Release|Mixed Platforms.ActiveCfg = Release|Any CPU
		{105AAD61-96FE-4973-A03D-1E850CD9B387}.Release|Mixed Platforms.Build.0 = Release|Any CPU
		{105AAD61-96FE-4973-A03D-1E850CD9B387}.Release|x86.ActiveCfg = Release|Any CPU
		{834DD1E6-5A79-4A81-A79E-CD8ED249974F}.Debug|Any CPU.ActiveCfg = Debug|Any CPU
		{834DD1E6-5A79-4A81-A79E-CD8ED249974F}.Debug|Any CPU.Build.0 = Debug|Any CPU
		{834DD1E6-5A79-4A81-A79E-CD8ED249974F}.Debug|Mixed Platforms.ActiveCfg = Debug|Any CPU
		{834DD1E6-5A79-4A81-A79E-CD8ED249974F}.Debug|Mixed Platforms.Build.0 = Debug|Any CPU
		{834DD1E6-5A79-4A81-A79E-CD8ED249974F}.Debug|x86.ActiveCfg = Debug|Any CPU
		{834DD1E6-5A79-4A81-A79E-CD8ED249974F}.Release|Any CPU.ActiveCfg = Release|Any CPU
		{834DD1E6-5A79-4A81-A79E-CD8ED249974F}.Release|Any CPU.Build.0 = Release|Any CPU
		{834DD1E6-5A79-4A81-A79E-CD8ED249974F}.Release|Mixed Platforms.ActiveCfg = Release|Any CPU
		{834DD1E6-5A79-4A81-A79E-CD8ED249974F}.Release|Mixed Platforms.Build.0 = Release|Any CPU
		{834DD1E6-5A79-4A81-A79E-CD8ED249974F}.Release|x86.ActiveCfg = Release|Any CPU
		{DD368096-53ED-4D78-9F49-A72C5834FB3C}.Debug|Any CPU.ActiveCfg = Debug|Any CPU
		{DD368096-53ED-4D78-9F49-A72C5834FB3C}.Debug|Any CPU.Build.0 = Debug|Any CPU
		{DD368096-53ED-4D78-9F49-A72C5834FB3C}.Debug|Mixed Platforms.ActiveCfg = Debug|Any CPU
		{DD368096-53ED-4D78-9F49-A72C5834FB3C}.Debug|Mixed Platforms.Build.0 = Debug|Any CPU
		{DD368096-53ED-4D78-9F49-A72C5834FB3C}.Debug|x86.ActiveCfg = Debug|Any CPU
		{DD368096-53ED-4D78-9F49-A72C5834FB3C}.Release|Any CPU.ActiveCfg = Release|Any CPU
		{DD368096-53ED-4D78-9F49-A72C5834FB3C}.Release|Any CPU.Build.0 = Release|Any CPU
		{DD368096-53ED-4D78-9F49-A72C5834FB3C}.Release|Mixed Platforms.ActiveCfg = Release|Any CPU
		{DD368096-53ED-4D78-9F49-A72C5834FB3C}.Release|Mixed Platforms.Build.0 = Release|Any CPU
		{DD368096-53ED-4D78-9F49-A72C5834FB3C}.Release|x86.ActiveCfg = Release|Any CPU
		{FDA2ADB5-0B71-4309-8289-EBA940FE1F9A}.Debug|Any CPU.ActiveCfg = Debug|Any CPU
		{FDA2ADB5-0B71-4309-8289-EBA940FE1F9A}.Debug|Any CPU.Build.0 = Debug|Any CPU
		{FDA2ADB5-0B71-4309-8289-EBA940FE1F9A}.Debug|Mixed Platforms.ActiveCfg = Debug|Any CPU
		{FDA2ADB5-0B71-4309-8289-EBA940FE1F9A}.Debug|Mixed Platforms.Build.0 = Debug|Any CPU
		{FDA2ADB5-0B71-4309-8289-EBA940FE1F9A}.Debug|x86.ActiveCfg = Debug|Any CPU
		{FDA2ADB5-0B71-4309-8289-EBA940FE1F9A}.Release|Any CPU.ActiveCfg = Release|Any CPU
		{FDA2ADB5-0B71-4309-8289-EBA940FE1F9A}.Release|Any CPU.Build.0 = Release|Any CPU
		{FDA2ADB5-0B71-4309-8289-EBA940FE1F9A}.Release|Mixed Platforms.ActiveCfg = Release|Any CPU
		{FDA2ADB5-0B71-4309-8289-EBA940FE1F9A}.Release|Mixed Platforms.Build.0 = Release|Any CPU
		{FDA2ADB5-0B71-4309-8289-EBA940FE1F9A}.Release|x86.ActiveCfg = Release|Any CPU
		{71289846-E425-4C5D-887A-E8C9CDB6F814}.Debug|Any CPU.ActiveCfg = Debug|Any CPU
		{71289846-E425-4C5D-887A-E8C9CDB6F814}.Debug|Any CPU.Build.0 = Debug|Any CPU
		{71289846-E425-4C5D-887A-E8C9CDB6F814}.Debug|Mixed Platforms.ActiveCfg = Debug|Any CPU
		{71289846-E425-4C5D-887A-E8C9CDB6F814}.Debug|Mixed Platforms.Build.0 = Debug|Any CPU
		{71289846-E425-4C5D-887A-E8C9CDB6F814}.Debug|x86.ActiveCfg = Debug|Any CPU
		{71289846-E425-4C5D-887A-E8C9CDB6F814}.Release|Any CPU.ActiveCfg = Release|Any CPU
		{71289846-E425-4C5D-887A-E8C9CDB6F814}.Release|Any CPU.Build.0 = Release|Any CPU
		{71289846-E425-4C5D-887A-E8C9CDB6F814}.Release|Mixed Platforms.ActiveCfg = Release|Any CPU
		{71289846-E425-4C5D-887A-E8C9CDB6F814}.Release|Mixed Platforms.Build.0 = Release|Any CPU
		{71289846-E425-4C5D-887A-E8C9CDB6F814}.Release|x86.ActiveCfg = Release|Any CPU
		{254CA650-2EAB-45C2-84C0-5F9C3DF4BCC4}.Debug|Any CPU.ActiveCfg = Debug|Any CPU
		{254CA650-2EAB-45C2-84C0-5F9C3DF4BCC4}.Debug|Any CPU.Build.0 = Debug|Any CPU
		{254CA650-2EAB-45C2-84C0-5F9C3DF4BCC4}.Debug|Mixed Platforms.ActiveCfg = Debug|Any CPU
		{254CA650-2EAB-45C2-84C0-5F9C3DF4BCC4}.Debug|Mixed Platforms.Build.0 = Debug|Any CPU
		{254CA650-2EAB-45C2-84C0-5F9C3DF4BCC4}.Debug|x86.ActiveCfg = Debug|Any CPU
		{254CA650-2EAB-45C2-84C0-5F9C3DF4BCC4}.Release|Any CPU.ActiveCfg = Release|Any CPU
		{254CA650-2EAB-45C2-84C0-5F9C3DF4BCC4}.Release|Any CPU.Build.0 = Release|Any CPU
		{254CA650-2EAB-45C2-84C0-5F9C3DF4BCC4}.Release|Mixed Platforms.ActiveCfg = Release|Any CPU
		{254CA650-2EAB-45C2-84C0-5F9C3DF4BCC4}.Release|Mixed Platforms.Build.0 = Release|Any CPU
		{254CA650-2EAB-45C2-84C0-5F9C3DF4BCC4}.Release|x86.ActiveCfg = Release|Any CPU
	EndGlobalSection
	GlobalSection(SolutionProperties) = preSolution
		HideSolutionNode = FALSE
	EndGlobalSection
	GlobalSection(NestedProjects) = preSolution
		{91D957AB-2128-4618-907F-78661244C507} = {04FE2157-385E-4326-B2A1-80FCD256C943}
		{88191AA4-E33E-4505-A6E2-CC470B6D8CD2} = {04FE2157-385E-4326-B2A1-80FCD256C943}
		{CF4F4A0D-61B4-421D-9E80-18B9BF7BAF91} = {04499922-5317-4D5B-997C-1CF41FB6C14D}
		{1E74FF3A-8A06-431B-9509-6D80AED27E3D} = {04499922-5317-4D5B-997C-1CF41FB6C14D}
		{D4C6E4FE-EED6-4AFD-9889-056A5AF676ED} = {0C43E63B-CF98-468D-8533-84C89B42D3A9}
		{71289846-E425-4C5D-887A-E8C9CDB6F814} = {0C43E63B-CF98-468D-8533-84C89B42D3A9}
		{254CA650-2EAB-45C2-84C0-5F9C3DF4BCC4} = {0C43E63B-CF98-468D-8533-84C89B42D3A9}
		{6B98EB10-5815-45BD-A5A1-9723E2D92998} = {5E5BE580-498C-46EC-AAB4-DA4869EA4389}
		{7BAED109-B0CB-4069-8EE9-AA592613BC59} = {5E5BE580-498C-46EC-AAB4-DA4869EA4389}
		{105AAD61-96FE-4973-A03D-1E850CD9B387} = {5E5BE580-498C-46EC-AAB4-DA4869EA4389}
		{834DD1E6-5A79-4A81-A79E-CD8ED249974F} = {5E5BE580-498C-46EC-AAB4-DA4869EA4389}
		{DD368096-53ED-4D78-9F49-A72C5834FB3C} = {5E5BE580-498C-46EC-AAB4-DA4869EA4389}
		{FDA2ADB5-0B71-4309-8289-EBA940FE1F9A} = {5E5BE580-498C-46EC-AAB4-DA4869EA4389}
	EndGlobalSection
EndGlobal
